<Solution>
  <Folder Name="/Core/">
    <Project Path="Core/AIHappey.Desktop.Core/AIHappey.Desktop.Core.csproj" />
  </Folder>
  <Folder Name="/Samples/">
    <Project Path="Samples/AIHappey.Desktop.AzureAuth/AIHappey.Desktop.AzureAuth.csproj" />
    <Project Path="Samples/AIHappey.Desktop.HeaderAuth/AIHappey.Desktop.HeaderAuth.csproj" />
  </Folder>
  <Folder Name="/Tests/">
    <Project Path="Tests/AIHappey.Desktop.Tests/AIHappey.Desktop.Tests.csproj" />
    <Project Path="Tests/AIHappey.Desktop.UiTests/AIHappey.Desktop.UiTests.csproj">
      <Platform Project="x64" />
    </Project>
  </Folder>
  <Project Path="../aihappey-agents/core/AgentHappey.Common/AgentHappey.Common.csproj" />
  <Project Path="../aihappey-ai/Core/AIHappey.Responses/AIHappey.Responses.csproj" />
  <Project Path="../aihappey-ai/Core/AIhappey.Unified/AIhappey.Unified.csproj" />
  <Project Path="../aihappey-ai/Core/AIHappey.Vercel/AIHappey.Vercel.csproj" />
</Solution>
